
Microsoft Visual Studio Solution File, Format Version 12.00
# Visual Studio Version 16
VisualStudioVersion = 16.0.30204.135
MinimumVisualStudioVersion = 10.0.40219.1
Project("{FAE04EC0-301F-11D3-BF4B-00C04F79EFBC}") = "Deliverable2", "Deliverable2\Deliverable2.csproj", "{A57A3FC8-0B75-4CEE-98CB-DBFE8F3FCA7D}"
EndProject
Global
	GlobalSection(SolutionConfigurationPlatforms) = preSolution
		Debug|Any CPU = Debug|Any CPU
		Release|Any CPU = Release|Any CPU
	EndGlobalSection
	GlobalSection(ProjectConfigurationPlatforms) = postSolution
		{A57A3FC8-0B75-4CEE-98CB-DBFE8F3FCA7D}.Debug|Any CPU.ActiveCfg = Debug|Any CPU
		{A57A3FC8-0B75-4CEE-98CB-DBFE8F3FCA7D}.Debug|Any CPU.Build.0 = Debug|Any CPU
		{A57A3FC8-0B75-4CEE-98CB-DBFE8F3FCA7D}.Release|Any CPU.ActiveCfg = Release|Any CPU
		{A57A3FC8-0B75-4CEE-98CB-DBFE8F3FCA7D}.Release|Any CPU.Build.0 = Release|Any CPU
	EndGlobalSection
	GlobalSection(SolutionProperties) = preSolution
		HideSolutionNode = FALSE
	EndGlobalSection
	GlobalSection(ExtensibilityGlobals) = postSolution
		SolutionGuid = {1309427C-3E6C-4E1A-9839-721706083699}
	EndGlobalSection
EndGlobal
